
Microsoft Visual Studio Solution File, Format Version 12.00
# Visual Studio Version 16
VisualStudioVersion = 16.0.31112.23
MinimumVisualStudioVersion = 10.0.40219.1
Project("{FAE04EC0-301F-11D3-BF4B-00C04F79EFBC}") = "SelfHost1", "SelfHost1\SelfHost1\SelfHost1.csproj", "{CF36BF58-D08F-425A-9A6A-D0A86C506110}"
EndProject
Project("{FAE04EC0-301F-11D3-BF4B-00C04F79EFBC}") = "SelfHost1.ServiceModel", "SelfHost1\SelfHost1.ServiceModel\SelfHost1.ServiceModel.csproj", "{8D6DE92C-637E-4433-9810-98D7FBCEA6BA}"
EndProject
Project("{FAE04EC0-301F-11D3-BF4B-00C04F79EFBC}") = "SelfHost1.ServiceInterface", "SelfHost1\SelfHost1.ServiceInterface\SelfHost1.ServiceInterface.csproj", "{130DED02-5984-487C-93DD-0D264EED140E}"
EndProject
Project("{FAE04EC0-301F-11D3-BF4B-00C04F79EFBC}") = "WpfApp", "WpfApp\WpfApp.csproj", "{24936F94-0AAB-47CA-B0C8-3AC5C2467581}"
EndProject
Global
	GlobalSection(SolutionConfigurationPlatforms) = preSolution
		Debug|Any CPU = Debug|Any CPU
		Release|Any CPU = Release|Any CPU
	EndGlobalSection
	GlobalSection(ProjectConfigurationPlatforms) = postSolution
		{CF36BF58-D08F-425A-9A6A-D0A86C506110}.Debug|Any CPU.ActiveCfg = Debug|Any CPU
		{CF36BF58-D08F-425A-9A6A-D0A86C506110}.Debug|Any CPU.Build.0 = Debug|Any CPU
		{CF36BF58-D08F-425A-9A6A-D0A86C506110}.Release|Any CPU.ActiveCfg = Release|Any CPU
		{CF36BF58-D08F-425A-9A6A-D0A86C506110}.Release|Any CPU.Build.0 = Release|Any CPU
		{8D6DE92C-637E-4433-9810-98D7FBCEA6BA}.Debug|Any CPU.ActiveCfg = Debug|Any CPU
		{8D6DE92C-637E-4433-9810-98D7FBCEA6BA}.Debug|Any CPU.Build.0 = Debug|Any CPU
		{8D6DE92C-637E-4433-9810-98D7FBCEA6BA}.Release|Any CPU.ActiveCfg = Release|Any CPU
		{8D6DE92C-637E-4433-9810-98D7FBCEA6BA}.Release|Any CPU.Build.0 = Release|Any CPU
		{130DED02-5984-487C-93DD-0D264EED140E}.Debug|Any CPU.ActiveCfg = Debug|Any CPU
		{130DED02-5984-487C-93DD-0D264EED140E}.Debug|Any CPU.Build.0 = Debug|Any CPU
		{130DED02-5984-487C-93DD-0D264EED140E}.Release|Any CPU.ActiveCfg = Release|Any CPU
		{130DED02-5984-487C-93DD-0D264EED140E}.Release|Any CPU.Build.0 = Release|Any CPU
		{24936F94-0AAB-47CA-B0C8-3AC5C2467581}.Debug|Any CPU.ActiveCfg = Debug|Any CPU
		{24936F94-0AAB-47CA-B0C8-3AC5C2467581}.Debug|Any CPU.Build.0 = Debug|Any CPU
		{24936F94-0AAB-47CA-B0C8-3AC5C2467581}.Release|Any CPU.ActiveCfg = Release|Any CPU
		{24936F94-0AAB-47CA-B0C8-3AC5C2467581}.Release|Any CPU.Build.0 = Release|Any CPU
	EndGlobalSection
	GlobalSection(SolutionProperties) = preSolution
		HideSolutionNode = FALSE
	EndGlobalSection
	GlobalSection(ExtensibilityGlobals) = postSolution
		SolutionGuid = {38C770B0-CDF9-4422-BA05-770103468EB2}
	EndGlobalSection
EndGlobal
